
Microsoft Visual Studio Solution File, Format Version 12.00
# Visual Studio Version 17
VisualStudioVersion = 17.3.32825.248
MinimumVisualStudioVersion = 10.0.40219.1
Project("{FAE04EC0-301F-11D3-BF4B-00C04F79EFBC}") = "MusicApp.Android", "MusicApp\MusicApp.Android\MusicApp.Android.csproj", "{9263723C-86A9-40CF-9737-9E1BB2E6AE32}"
EndProject
Project("{FAE04EC0-301F-11D3-BF4B-00C04F79EFBC}") = "MusicApp.iOS", "MusicApp\MusicApp.iOS\MusicApp.iOS.csproj", "{0E758475-1174-4533-9D40-36C7CB78CD61}"
EndProject
Project("{FAE04EC0-301F-11D3-BF4B-00C04F79EFBC}") = "MusicApp", "MusicApp\MusicApp\MusicApp.csproj", "{C0DA16E1-7264-4E36-BE52-F5DEC36E83F0}"
EndProject
Global
	GlobalSection(SolutionConfigurationPlatforms) = preSolution
		Debug|Any CPU = Debug|Any CPU
		Debug|iPhone = Debug|iPhone
		Debug|iPhoneSimulator = Debug|iPhoneSimulator
		Release|Any CPU = Release|Any CPU
		Release|iPhone = Release|iPhone
		Release|iPhoneSimulator = Release|iPhoneSimulator
	EndGlobalSection
	GlobalSection(ProjectConfigurationPlatforms) = postSolution
		{9263723C-86A9-40CF-9737-9E1BB2E6AE32}.Debug|Any CPU.ActiveCfg = Debug|Any CPU
		{9263723C-86A9-40CF-9737-9E1BB2E6AE32}.Debug|Any CPU.Build.0 = Debug|Any CPU
		{9263723C-86A9-40CF-9737-9E1BB2E6AE32}.Debug|Any CPU.Deploy.0 = Debug|Any CPU
		{9263723C-86A9-40CF-9737-9E1BB2E6AE32}.Debug|iPhone.ActiveCfg = Debug|Any CPU
		{9263723C-86A9-40CF-9737-9E1BB2E6AE32}.Debug|iPhone.Build.0 = Debug|Any CPU
		{9263723C-86A9-40CF-9737-9E1BB2E6AE32}.Debug|iPhone.Deploy.0 = Debug|Any CPU
		{9263723C-86A9-40CF-9737-9E1BB2E6AE32}.Debug|iPhoneSimulator.ActiveCfg = Debug|Any CPU
		{9263723C-86A9-40CF-9737-9E1BB2E6AE32}.Debug|iPhoneSimulator.Build.0 = Debug|Any CPU
		{9263723C-86A9-40CF-9737-9E1BB2E6AE32}.Debug|iPhoneSimulator.Deploy.0 = Debug|Any CPU
		{9263723C-86A9-40CF-9737-9E1BB2E6AE32}.Release|Any CPU.ActiveCfg = Release|Any CPU
		{9263723C-86A9-40CF-9737-9E1BB2E6AE32}.Release|Any CPU.Build.0 = Release|Any CPU
		{9263723C-86A9-40CF-9737-9E1BB2E6AE32}.Release|Any CPU.Deploy.0 = Release|Any CPU
		{9263723C-86A9-40CF-9737-9E1BB2E6AE32}.Release|iPhone.ActiveCfg = Release|Any CPU
		{9263723C-86A9-40CF-9737-9E1BB2E6AE32}.Release|iPhone.Build.0 = Release|Any CPU
		{9263723C-86A9-40CF-9737-9E1BB2E6AE32}.Release|iPhone.Deploy.0 = Release|Any CPU
		{9263723C-86A9-40CF-9737-9E1BB2E6AE32}.Release|iPhoneSimulator.ActiveCfg = Release|Any CPU
		{9263723C-86A9-40CF-9737-9E1BB2E6AE32}.Release|iPhoneSimulator.Build.0 = Release|Any CPU
		{9263723C-86A9-40CF-9737-9E1BB2E6AE32}.Release|iPhoneSimulator.Deploy.0 = Release|Any CPU
		{0E758475-1174-4533-9D40-36C7CB78CD61}.Debug|Any CPU.ActiveCfg = Debug|iPhone
		{0E758475-1174-4533-9D40-36C7CB78CD61}.Debug|Any CPU.Build.0 = Debug|iPhone
		{0E758475-1174-4533-9D40-36C7CB78CD61}.Debug|Any CPU.Deploy.0 = Debug|iPhone
		{0E758475-1174-4533-9D40-36C7CB78CD61}.Debug|iPhone.ActiveCfg = Debug|iPhone
		{0E758475-1174-4533-9D40-36C7CB78CD61}.Debug|iPhone.Build.0 = Debug|iPhone
		{0E758475-1174-4533-9D40-36C7CB78CD61}.Debug|iPhone.Deploy.0 = Debug|iPhone
		{0E758475-1174-4533-9D40-36C7CB78CD61}.Debug|iPhoneSimulator.ActiveCfg = Debug|iPhoneSimulator
		{0E758475-1174-4533-9D40-36C7CB78CD61}.Debug|iPhoneSimulator.Build.0 = Debug|iPhoneSimulator
		{0E758475-1174-4533-9D40-36C7CB78CD61}.Debug|iPhoneSimulator.Deploy.0 = Debug|iPhoneSimulator
		{0E758475-1174-4533-9D40-36C7CB78CD61}.Release|Any CPU.ActiveCfg = Release|iPhoneSimulator
		{0E758475-1174-4533-9D40-36C7CB78CD61}.Release|Any CPU.Build.0 = Release|iPhoneSimulator
		{0E758475-1174-4533-9D40-36C7CB78CD61}.Release|Any CPU.Deploy.0 = Release|iPhoneSimulator
		{0E758475-1174-4533-9D40-36C7CB78CD61}.Release|iPhone.ActiveCfg = Release|iPhone
		{0E758475-1174-4533-9D40-36C7CB78CD61}.Release|iPhone.Build.0 = Release|iPhone
		{0E758475-1174-4533-9D40-36C7CB78CD61}.Release|iPhone.Deploy.0 = Release|iPhone
		{0E758475-1174-4533-9D40-36C7CB78CD61}.Release|iPhoneSimulator.ActiveCfg = Release|iPhoneSimulator
		{0E758475-1174-4533-9D40-36C7CB78CD61}.Release|iPhoneSimulator.Build.0 = Release|iPhoneSimulator
		{0E758475-1174-4533-9D40-36C7CB78CD61}.Release|iPhoneSimulator.Deploy.0 = Release|iPhoneSimulator
		{C0DA16E1-7264-4E36-BE52-F5DEC36E83F0}.Debug|Any CPU.ActiveCfg = Debug|Any CPU
		{C0DA16E1-7264-4E36-BE52-F5DEC36E83F0}.Debug|Any CPU.Build.0 = Debug|Any CPU
		{C0DA16E1-7264-4E36-BE52-F5DEC36E83F0}.Debug|Any CPU.Deploy.0 = Debug|Any CPU
		{C0DA16E1-7264-4E36-BE52-F5DEC36E83F0}.Debug|iPhone.ActiveCfg = Debug|Any CPU
		{C0DA16E1-7264-4E36-BE52-F5DEC36E83F0}.Debug|iPhone.Build.0 = Debug|Any CPU
		{C0DA16E1-7264-4E36-BE52-F5DEC36E83F0}.Debug|iPhone.Deploy.0 = Debug|Any CPU
		{C0DA16E1-7264-4E36-BE52-F5DEC36E83F0}.Debug|iPhoneSimulator.ActiveCfg = Debug|Any CPU
		{C0DA16E1-7264-4E36-BE52-F5DEC36E83F0}.Debug|iPhoneSimulator.Build.0 = Debug|Any CPU
		{C0DA16E1-7264-4E36-BE52-F5DEC36E83F0}.Debug|iPhoneSimulator.Deploy.0 = Debug|Any CPU
		{C0DA16E1-7264-4E36-BE52-F5DEC36E83F0}.Release|Any CPU.ActiveCfg = Release|Any CPU
		{C0DA16E1-7264-4E36-BE52-F5DEC36E83F0}.Release|Any CPU.Build.0 = Release|Any CPU
		{C0DA16E1-7264-4E36-BE52-F5DEC36E83F0}.Release|Any CPU.Deploy.0 = Release|Any CPU
		{C0DA16E1-7264-4E36-BE52-F5DEC36E83F0}.Release|iPhone.ActiveCfg = Release|Any CPU
		{C0DA16E1-7264-4E36-BE52-F5DEC36E83F0}.Release|iPhone.Build.0 = Release|Any CPU
		{C0DA16E1-7264-4E36-BE52-F5DEC36E83F0}.Release|iPhone.Deploy.0 = Release|Any CPU
		{C0DA16E1-7264-4E36-BE52-F5DEC36E83F0}.Release|iPhoneSimulator.ActiveCfg = Release|Any CPU
		{C0DA16E1-7264-4E36-BE52-F5DEC36E83F0}.Release|iPhoneSimulator.Build.0 = Release|Any CPU
		{C0DA16E1-7264-4E36-BE52-F5DEC36E83F0}.Release|iPhoneSimulator.Deploy.0 = Release|Any CPU
	EndGlobalSection
	GlobalSection(SolutionProperties) = preSolution
		HideSolutionNode = FALSE
	EndGlobalSection
	GlobalSection(ExtensibilityGlobals) = postSolution
		SolutionGuid = {C1D34D59-6F54-4214-A902-3FE5036C530F}
	EndGlobalSection
EndGlobal
